{
  "name": "node-addon",
  "version": "1.0.0",
  "lockfileVersion": 1,
  "requires": true,
  "dependencies": {
    "crypto": {
      "version": "1.0.1",
      "resolved": "https://registry.npmjs.org/crypto/-/crypto-1.0.1.tgz",
      "integrity": "sha512-VxBKmeNcqQdiUQUW2Tzq0t377b54N2bMtXO/qiLa+6eRRmmC4qT3D4OnTGoT/U6O9aklQ/jTwbOtRMTTY8G0Ig=="
    },
    "enecuum-crypto": {
      "version": "https://github.com/prudanoff/enecuum-bin/raw/master/bin/linux64/enecuum-crypto.tar.gz",
      "integrity": "sha512-r1wgMqNa0EG73TQ/KbRhnwd0JYWPPr+0MsxsQjjSj+sbbtakzgPUXq30NS6KU6N6wWeK6EbT6J7EdzsDQno0Sg=="
    }
  }
}
